# THIS IS AN AUTOGENERATED FILE. DO NOT EDIT THIS FILE DIRECTLY.
# yarn lockfile v1


"@nestjs/serve-static@^5.0.3":
  version "5.0.3"
  resolved "https://registry.yarnpkg.com/@nestjs/serve-static/-/serve-static-5.0.3.tgz#63d8021ce93ab91515fd7dfffaa71d734bddb3f8"
  integrity sha512-0jFjTlSVSLrI+mot8lfm+h2laXtKzCvgsVStv9T1ZBZTDwS26gM5czIhIESmWAod0PfrbCDFiu9C1MglObL8VA==
  dependencies:
    path-to-regexp "8.2.0"

path-to-regexp@8.2.0:
  version "8.2.0"
  resolved "https://registry.yarnpkg.com/path-to-regexp/-/path-to-regexp-8.2.0.tgz#73990cc29e57a3ff2a0d914095156df5db79e8b4"
  integrity sha512-TdrF7fW9Rphjq4RjrW0Kp2AW0Ahwu9sRGTkS6bvDi0SCwZlEZYmcfDbEsTz8RVk0EHIS/Vd1bv3JhG+1xZuAyQ==
