# THIS IS AN AUTOGENERATED FILE. DO NOT EDIT THIS FILE DIRECTLY.
# yarn lockfile v1


"@keyv/serialize@^1.0.3":
  version "1.0.3"
  resolved "https://registry.yarnpkg.com/@keyv/serialize/-/serialize-1.0.3.tgz#e0fe3710e2a379cb0490cd41e5a5ffa2bab58bf6"
  integrity sha512-qnEovoOp5Np2JDGonIDL6Ayihw0RhnRh6vxPuHo4RDn1UOzwEo4AeIfpL6UGIrsceWrCMiVPgwRjbHu4vYFc3g==
  dependencies:
    buffer "^6.0.3"

"@nestjs/cache-manager@^3.0.1":
  version "3.0.1"
  resolved "https://registry.yarnpkg.com/@nestjs/cache-manager/-/cache-manager-3.0.1.tgz#893abd4fb8450d2fe6c6692bd71688c45b2d5128"
  integrity sha512-4UxTnR0fsmKL5YDalU2eLFVnL+OBebWUpX+hEduKGncrVKH4PPNoiRn1kXyOCjmzb0UvWgqubpssNouc8e0MCw==

"@nestjs/schedule@^6.0.0":
  version "6.0.0"
  resolved "https://registry.yarnpkg.com/@nestjs/schedule/-/schedule-6.0.0.tgz#c8069d1f19742e418a617af76311ab853cb48f0a"
  integrity sha512-aQySMw6tw2nhitELXd3EiRacQRgzUKD9mFcUZVOJ7jPLqIBvXOyvRWLsK9SdurGA+jjziAlMef7iB5ZEFFoQpw==
  dependencies:
    cron "4.3.0"

"@redis/bloom@1.2.0":
  version "1.2.0"
  resolved "https://registry.yarnpkg.com/@redis/bloom/-/bloom-1.2.0.tgz#d3fd6d3c0af3ef92f26767b56414a370c7b63b71"
  integrity sha512-HG2DFjYKbpNmVXsa0keLHp/3leGJz1mjh09f2RLGGLQZzSHpkmZWuwJbAvo3QcRY8p80m5+ZdXZdYOSBLlp7Cg==

"@redis/client@1.6.1":
  version "1.6.1"
  resolved "https://registry.yarnpkg.com/@redis/client/-/client-1.6.1.tgz#c4636b7cb34e96008a988409b7e787364ae761a2"
  integrity sha512-/KCsg3xSlR+nCK8/8ZYSknYxvXHwubJrU82F3Lm1Fp6789VQ0/3RJKfsmRXjqfaTA++23CvC3hqmqe/2GEt6Kw==
  dependencies:
    cluster-key-slot "1.1.2"
    generic-pool "3.9.0"
    yallist "4.0.0"

"@redis/graph@1.1.1":
  version "1.1.1"
  resolved "https://registry.yarnpkg.com/@redis/graph/-/graph-1.1.1.tgz#8c10df2df7f7d02741866751764031a957a170ea"
  integrity sha512-FEMTcTHZozZciLRl6GiiIB4zGm5z5F3F6a6FZCyrfxdKOhFlGkiAqlexWMBzCi4DcRoyiOsuLfW+cjlGWyExOw==

"@redis/json@1.0.7":
  version "1.0.7"
  resolved "https://registry.yarnpkg.com/@redis/json/-/json-1.0.7.tgz#016257fcd933c4cbcb9c49cde8a0961375c6893b"
  integrity sha512-6UyXfjVaTBTJtKNG4/9Z8PSpKE6XgSyEb8iwaqDcy+uKrd/DGYHTWkUdnQDyzm727V7p21WUMhsqz5oy65kPcQ==

"@redis/search@1.2.0":
  version "1.2.0"
  resolved "https://registry.yarnpkg.com/@redis/search/-/search-1.2.0.tgz#50976fd3f31168f585666f7922dde111c74567b8"
  integrity sha512-tYoDBbtqOVigEDMAcTGsRlMycIIjwMCgD8eR2t0NANeQmgK/lvxNAvYyb6bZDD4frHRhIHkJu2TBRvB0ERkOmw==

"@redis/time-series@1.1.0":
  version "1.1.0"
  resolved "https://registry.yarnpkg.com/@redis/time-series/-/time-series-1.1.0.tgz#cba454c05ec201bd5547aaf55286d44682ac8eb5"
  integrity sha512-c1Q99M5ljsIuc4YdaCwfUEXsofakb9c8+Zse2qxTadu8TalLXuAESzLvFAvNVbkmSlvlzIQOLpBCmWI9wTOt+g==

"@types/luxon@~3.6.0":
  version "3.6.2"
  resolved "https://registry.yarnpkg.com/@types/luxon/-/luxon-3.6.2.tgz#be6536931801f437eafcb9c0f6d6781f72308041"
  integrity sha512-R/BdP7OxEMc44l2Ex5lSXHoIXTB2JLNa3y2QISIbr58U/YcsffyQrYW//hZSdrfxrjRZj3GcUoxMPGdO8gSYuw==

base64-js@^1.3.1:
  version "1.5.1"
  resolved "https://registry.yarnpkg.com/base64-js/-/base64-js-1.5.1.tgz#1b1b440160a5bf7ad40b650f095963481903930a"
  integrity sha512-AKpaYlHn8t4SVbOHCy+b5+KKgvR4vrsD8vbvrbiQJps7fKDTkjkDry6ji0rUJjC0kzbNePLwzxq8iypo41qeWA==

buffer@^6.0.3:
  version "6.0.3"
  resolved "https://registry.yarnpkg.com/buffer/-/buffer-6.0.3.tgz#2ace578459cc8fbe2a70aaa8f52ee63b6a74c6c6"
  integrity sha512-FTiCpNxtwiZZHEZbcbTIcZjERVICn9yq/pDFkTl95/AxzD1naBctN7YO68riM/gLSDY7sdrMby8hofADYuuqOA==
  dependencies:
    base64-js "^1.3.1"
    ieee754 "^1.2.1"

cache-manager-redis-store@^3.0.1:
  version "3.0.1"
  resolved "https://registry.yarnpkg.com/cache-manager-redis-store/-/cache-manager-redis-store-3.0.1.tgz#8eeb211212763d04cef4058666182d624f714299"
  integrity sha512-o560kw+dFqusC9lQJhcm6L2F2fMKobJ5af+FoR2PdnMVdpQ3f3Bz6qzvObTGyvoazQJxjQNWgMQeChP4vRTuXQ==
  dependencies:
    redis "^4.3.1"

cache-manager@^7.0.1:
  version "7.0.1"
  resolved "https://registry.yarnpkg.com/cache-manager/-/cache-manager-7.0.1.tgz#018934791251638efe13b1ab1e2b2c0c9d49d0ca"
  integrity sha512-Hd7FOyTtwhwLgkKeKQWEw6Ixj63VKuUWYwkGgL6g6Q7eISW6uxci5+DtUXlqI0gtbLCPPdhL1+HP9Zht27DbrA==
  dependencies:
    keyv "^5.3.4"

cluster-key-slot@1.1.2:
  version "1.1.2"
  resolved "https://registry.yarnpkg.com/cluster-key-slot/-/cluster-key-slot-1.1.2.tgz#88ddaa46906e303b5de30d3153b7d9fe0a0c19ac"
  integrity sha512-RMr0FhtfXemyinomL4hrWcYJxmX6deFdCxpJzhDttxgO1+bcCnkk+9drydLVDmAMG7NE6aN/fl4F7ucU/90gAA==

cron@4.3.0:
  version "4.3.0"
  resolved "https://registry.yarnpkg.com/cron/-/cron-4.3.0.tgz#c5a62872f74f72294cf1cadef34c72ad8d8f50b5"
  integrity sha512-ciiYNLfSlF9MrDqnbMdRWFiA6oizSF7kA1osPP9lRzNu0Uu+AWog1UKy7SkckiDY2irrNjeO6qLyKnXC8oxmrw==
  dependencies:
    "@types/luxon" "~3.6.0"
    luxon "~3.6.0"

generic-pool@3.9.0:
  version "3.9.0"
  resolved "https://registry.yarnpkg.com/generic-pool/-/generic-pool-3.9.0.tgz#36f4a678e963f4fdb8707eab050823abc4e8f5e4"
  integrity sha512-hymDOu5B53XvN4QT9dBmZxPX4CWhBPPLguTZ9MMFeFa/Kg0xWVfylOVNlJji/E7yTZWFd/q9GO5TxDLq156D7g==

ieee754@^1.2.1:
  version "1.2.1"
  resolved "https://registry.yarnpkg.com/ieee754/-/ieee754-1.2.1.tgz#8eb7a10a63fff25d15a57b001586d177d1b0d352"
  integrity sha512-dcyqhDvX1C46lXZcVqCpK+FtMRQVdIMN6/Df5js2zouUsqG7I6sFxitIC+7KYK29KdXOLHdu9zL4sFnoVQnqaA==

keyv@^5.3.4:
  version "5.3.4"
  resolved "https://registry.yarnpkg.com/keyv/-/keyv-5.3.4.tgz#e0548d9449c51fc332abdd637c2b3bb2d24c9bc9"
  integrity sha512-ypEvQvInNpUe+u+w8BIcPkQvEqXquyyibWE/1NB5T2BTzIpS5cGEV1LZskDzPSTvNAaT4+5FutvzlvnkxOSKlw==
  dependencies:
    "@keyv/serialize" "^1.0.3"

luxon@~3.6.0:
  version "3.6.1"
  resolved "https://registry.yarnpkg.com/luxon/-/luxon-3.6.1.tgz#d283ffc4c0076cb0db7885ec6da1c49ba97e47b0"
  integrity sha512-tJLxrKJhO2ukZ5z0gyjY1zPh3Rh88Ej9P7jNrZiHMUXHae1yvI2imgOZtL1TO8TW6biMMKfTtAOoEJANgtWBMQ==

redis@^4.3.1:
  version "4.7.1"
  resolved "https://registry.yarnpkg.com/redis/-/redis-4.7.1.tgz#08588a30936be0e7ad9c0f3e1ac6a85ccaf73e94"
  integrity sha512-S1bJDnqLftzHXHP8JsT5II/CtHWQrASX5K96REjWjlmWKrviSOLWmM7QnRLstAWsu1VBBV1ffV6DzCvxNP0UJQ==
  dependencies:
    "@redis/bloom" "1.2.0"
    "@redis/client" "1.6.1"
    "@redis/graph" "1.1.1"
    "@redis/json" "1.0.7"
    "@redis/search" "1.2.0"
    "@redis/time-series" "1.1.0"

yallist@4.0.0:
  version "4.0.0"
  resolved "https://registry.yarnpkg.com/yallist/-/yallist-4.0.0.tgz#9bb92790d9c0effec63be73519e11a35019a3a72"
  integrity sha512-3wdGidZyq5PB084XLES5TpOSRA3wjXAlIWMhum2kRcv/41Sn2emQ0dycQW4uZXLejwKvg6EsvbdlVL+FYEct7A==
